
Microsoft Visual Studio Solution File, Format Version 12.00
# Visual Studio Version 16
VisualStudioVersion = 25.0.1704.4
MinimumVisualStudioVersion = 10.0.40219.1
Project("{FAE04EC0-301F-11D3-BF4B-00C04F79EFBC}") = "MoviesAPI", "MoviesAPI\MoviesAPI.csproj", "{4D3FC4E0-7BC8-4A17-A91D-33635E5197A3}"
EndProject
Global
	GlobalSection(SolutionConfigurationPlatforms) = preSolution
		Debug|Any CPU = Debug|Any CPU
		Release|Any CPU = Release|Any CPU
	EndGlobalSection
	GlobalSection(ProjectConfigurationPlatforms) = postSolution
		{4D3FC4E0-7BC8-4A17-A91D-33635E5197A3}.Debug|Any CPU.ActiveCfg = Debug|Any CPU
		{4D3FC4E0-7BC8-4A17-A91D-33635E5197A3}.Debug|Any CPU.Build.0 = Debug|Any CPU
		{4D3FC4E0-7BC8-4A17-A91D-33635E5197A3}.Release|Any CPU.ActiveCfg = Release|Any CPU
		{4D3FC4E0-7BC8-4A17-A91D-33635E5197A3}.Release|Any CPU.Build.0 = Release|Any CPU
	EndGlobalSection
	GlobalSection(SolutionProperties) = preSolution
		HideSolutionNode = FALSE
	EndGlobalSection
	GlobalSection(ExtensibilityGlobals) = postSolution
		SolutionGuid = {8B837219-DBD9-4786-BFDF-23988C20C97F}
	EndGlobalSection
EndGlobal
